{
  "name": "test1",
  "version": "1.0.0",
  "lockfileVersion": 1,
  "requires": true,
  "dependencies": {
    "js-big-decimal": {
      "version": "1.3.3",
      "resolved": "https://registry.npmjs.org/js-big-decimal/-/js-big-decimal-1.3.3.tgz",
      "integrity": "sha512-/Tq2yuY+u+MrzKXnWLo7Yyly0fNB2W85HvFsx9SQwYsjDid9tnbqRkcKJa6M1/C1HliGHvAQ6euim10B5KWr7w=="
    }
  }
}
